
Microsoft Visual Studio Solution File, Format Version 12.00
# Visual Studio Version 17
VisualStudioVersion = 17.11.35312.102
MinimumVisualStudioVersion = 10.0.40219.1
Project("{FAE04EC0-301F-11D3-BF4B-00C04F79EFBC}") = "LibraryProject", "LibraryProject.csproj", "{C95B6FA7-F404-453F-923A-856DD91A56EC}"
EndProject
Global
	GlobalSection(SolutionConfigurationPlatforms) = preSolution
		Debug|Any CPU = Debug|Any CPU
		Release|Any CPU = Release|Any CPU
	EndGlobalSection
	GlobalSection(ProjectConfigurationPlatforms) = postSolution
		{C95B6FA7-F404-453F-923A-856DD91A56EC}.Debug|Any CPU.ActiveCfg = Debug|Any CPU
		{C95B6FA7-F404-453F-923A-856DD91A56EC}.Debug|Any CPU.Build.0 = Debug|Any CPU
		{C95B6FA7-F404-453F-923A-856DD91A56EC}.Release|Any CPU.ActiveCfg = Release|Any CPU
		{C95B6FA7-F404-453F-923A-856DD91A56EC}.Release|Any CPU.Build.0 = Release|Any CPU
	EndGlobalSection
	GlobalSection(SolutionProperties) = preSolution
		HideSolutionNode = FALSE
	EndGlobalSection
	GlobalSection(ExtensibilityGlobals) = postSolution
		SolutionGuid = {9266E747-BCA7-4739-8A91-774E80C420E3}
	EndGlobalSection
EndGlobal
